// !$*UTF8*$!
{
	archiveVersion = 1;
	classes = {
	};
	objectVersion = 77;
	objects = {

/* Begin PBXContainerItemProxy section */
		1E0316362CD07CF200595C0B /* PBXContainerItemProxy */ = {
			isa = PBXContainerItemProxy;
			containerPortal = 1E0316172CD07CF000595C0B /* Project object */;
			proxyType = 1;
			remoteGlobalIDString = 1E03161E2CD07CF100595C0B;
			remoteInfo = OpenWeatherChallenge;
		};
		1E0316402CD07CF200595C0B /* PBXContainerItemProxy */ = {
			isa = PBXContainerItemProxy;
			containerPortal = 1E0316172CD07CF000595C0B /* Project object */;
			proxyType = 1;
			remoteGlobalIDString = 1E03161E2CD07CF100595C0B;
			remoteInfo = OpenWeatherChallenge;
		};
/* End PBXContainerItemProxy section */

/* Begin PBXFileReference section */
		1E03161F2CD07CF100595C0B /* OpenWeatherChallenge.app */ = {isa = PBXFileReference; explicitFileType = wrapper.application; includeInIndex = 0; path = OpenWeatherChallenge.app; sourceTree = BUILT_PRODUCTS_DIR; };
		1E0316352CD07CF200595C0B /* OpenWeatherChallengeTests.xctest */ = {isa = PBXFileReference; explicitFileType = wrapper.cfbundle; includeInIndex = 0; path = OpenWeatherChallengeTests.xctest; sourceTree = BUILT_PRODUCTS_DIR; };
		1E03163F2CD07CF200595C0B /* OpenWeatherChallengeUITests.xctest */ = {isa = PBXFileReference; explicitFileType = wrapper.cfbundle; includeInIndex = 0; path = OpenWeatherChallengeUITests.xctest; sourceTree = BUILT_PRODUCTS_DIR; };
/* End PBXFileReference section */

/* Begin PBXFileSystemSynchronizedBuildFileExceptionSet section */
		1E0316AC2CD0934800595C0B /* Exceptions for "OpenWeatherChallenge" folder in "OpenWeatherChallenge" target */ = {
			isa = PBXFileSystemSynchronizedBuildFileExceptionSet;
			membershipExceptions = (
				Info.plist,
			);
			target = 1E03161E2CD07CF100595C0B /* OpenWeatherChallenge */;
		};
/* End PBXFileSystemSynchronizedBuildFileExceptionSet section */

/* Begin PBXFileSystemSynchronizedRootGroup section */
		1E0316382CD07CF200595C0B /* OpenWeatherChallengeTests */ = {
			isa = PBXFileSystemSynchronizedRootGroup;
			path = OpenWeatherChallengeTests;
			sourceTree = "<group>";
		};
		1E0316422CD07CF200595C0B /* OpenWeatherChallengeUITests */ = {
			isa = PBXFileSystemSynchronizedRootGroup;
			path = OpenWeatherChallengeUITests;
			sourceTree = "<group>";
		};
		1E03169F2CD0934800595C0B /* OpenWeatherChallenge */ = {
			isa = PBXFileSystemSynchronizedRootGroup;
			exceptions = (
				1E0316AC2CD0934800595C0B /* Exceptions for "OpenWeatherChallenge" folder in "OpenWeatherChallenge" target */,
			);
			path = OpenWeatherChallenge;
			sourceTree = "<group>";
		};
/* End PBXFileSystemSynchronizedRootGroup section */

/* Begin PBXFrameworksBuildPhase section */
		1E03161C2CD07CF100595C0B /* Frameworks */ = {
			isa = PBXFrameworksBuildPhase;
			buildActionMask = 2147483647;
			files = (
			);
			runOnlyForDeploymentPostprocessing = 0;
		};
		1E0316322CD07CF200595C0B /* Frameworks */ = {
			isa = PBXFrameworksBuildPhase;
			buildActionMask = 2147483647;
			files = (
			);
			runOnlyForDeploymentPostprocessing = 0;
		};
		1E03163C2CD07CF200595C0B /* Frameworks */ = {
			isa = PBXFrameworksBuildPhase;
			buildActionMask = 2147483647;
			files = (
			);
			runOnlyForDeploymentPostprocessing = 0;
		};
/* End PBXFrameworksBuildPhase section */

/* Begin PBXGroup section */
		1E0316162CD07CF000595C0B = {
			isa = PBXGroup;
			children = (
				1E03169F2CD0934800595C0B /* OpenWeatherChallenge */,
				1E0316382CD07CF200595C0B /* OpenWeatherChallengeTests */,
				1E0316422CD07CF200595C0B /* OpenWeatherChallengeUITests */,
				1E0316202CD07CF100595C0B /* Products */,
			);
			sourceTree = "<group>";
		};
		1E0316202CD07CF100595C0B /* Products */ = {
			isa = PBXGroup;
			children = (
				1E03161F2CD07CF100595C0B /* OpenWeatherChallenge.app */,
				1E0316352CD07CF200595C0B /* OpenWeatherChallengeTests.xctest */,
				1E03163F2CD07CF200595C0B /* OpenWeatherChallengeUITests.xctest */,
			);
			name = Products;
			sourceTree = "<group>";
		};
/* End PBXGroup section */

/* Begin PBXNativeTarget section */
		1E03161E2CD07CF100595C0B /* OpenWeatherChallenge */ = {
			isa = PBXNativeTarget;
			buildConfigurationList = 1E0316482CD07CF200595C0B /* Build configuration list for PBXNativeTarget "OpenWeatherChallenge" */;
			buildPhases = (
				1E03161B2CD07CF100595C0B /* Sources */,
				1E03161C2CD07CF100595C0B /* Frameworks */,
				1E03161D2CD07CF100595C0B /* Resources */,
			);
			buildRules = (
			);
			dependencies = (
			);
			fileSystemSynchronizedGroups = (
				1E03169F2CD0934800595C0B /* OpenWeatherChallenge */,
			);
			name = OpenWeatherChallenge;
			packageProductDependencies = (
			);
			productName = OpenWeatherChallenge;
			productReference = 1E03161F2CD07CF100595C0B /* OpenWeatherChallenge.app */;
			productType = "com.apple.product-type.application";
		};
		1E0316342CD07CF200595C0B /* OpenWeatherChallengeTests */ = {
			isa = PBXNativeTarget;
			buildConfigurationList = 1E03164D2CD07CF200595C0B /* Build configuration list for PBXNativeTarget "OpenWeatherChallengeTests" */;
			buildPhases = (
				1E0316312CD07CF200595C0B /* Sources */,
				1E0316322CD07CF200595C0B /* Frameworks */,
				1E0316332CD07CF200595C0B /* Resources */,
			);
			buildRules = (
			);
			dependencies = (
				1E0316372CD07CF200595C0B /* PBXTargetDependency */,
			);
			fileSystemSynchronizedGroups = (
				1E0316382CD07CF200595C0B /* OpenWeatherChallengeTests */,
			);
			name = OpenWeatherChallengeTests;
			packageProductDependencies = (
			);
			productName = OpenWeatherChallengeTests;
			productReference = 1E0316352CD07CF200595C0B /* OpenWeatherChallengeTests.xctest */;
			productType = "com.apple.product-type.bundle.unit-test";
		};
		1E03163E2CD07CF200595C0B /* OpenWeatherChallengeUITests */ = {
			isa = PBXNativeTarget;
			buildConfigurationList = 1E0316502CD07CF200595C0B /* Build configuration list for PBXNativeTarget "OpenWeatherChallengeUITests" */;
			buildPhases = (
				1E03163B2CD07CF200595C0B /* Sources */,
				1E03163C2CD07CF200595C0B /* Frameworks */,
				1E03163D2CD07CF200595C0B /* Resources */,
			);
			buildRules = (
			);
			dependencies = (
				1E0316412CD07CF200595C0B /* PBXTargetDependency */,
			);
			fileSystemSynchronizedGroups = (
				1E0316422CD07CF200595C0B /* OpenWeatherChallengeUITests */,
			);
			name = OpenWeatherChallengeUITests;
			packageProductDependencies = (
			);
			productName = OpenWeatherChallengeUITests;
			productReference = 1E03163F2CD07CF200595C0B /* OpenWeatherChallengeUITests.xctest */;
			productType = "com.apple.product-type.bundle.ui-testing";
		};
/* End PBXNativeTarget section */

/* Begin PBXProject section */
		1E0316172CD07CF000595C0B /* Project object */ = {
			isa = PBXProject;
			attributes = {
				BuildIndependentTargetsInParallel = 1;
				LastSwiftUpdateCheck = 1600;
				LastUpgradeCheck = 1600;
				TargetAttributes = {
					1E03161E2CD07CF100595C0B = {
						CreatedOnToolsVersion = 16.0;
					};
					1E0316342CD07CF200595C0B = {
						CreatedOnToolsVersion = 16.0;
						TestTargetID = 1E03161E2CD07CF100595C0B;
					};
					1E03163E2CD07CF200595C0B = {
						CreatedOnToolsVersion = 16.0;
						TestTargetID = 1E03161E2CD07CF100595C0B;
					};
				};
			};
			buildConfigurationList = 1E03161A2CD07CF000595C0B /* Build configuration list for PBXProject "OpenWeatherChallenge" */;
			developmentRegion = en;
			hasScannedForEncodings = 0;
			knownRegions = (
				en,
				Base,
			);
			mainGroup = 1E0316162CD07CF000595C0B;
			minimizedProjectReferenceProxies = 1;
			preferredProjectObjectVersion = 77;
			productRefGroup = 1E0316202CD07CF100595C0B /* Products */;
			projectDirPath = "";
			projectRoot = "";
			targets = (
				1E03161E2CD07CF100595C0B /* OpenWeatherChallenge */,
				1E0316342CD07CF200595C0B /* OpenWeatherChallengeTests */,
				1E03163E2CD07CF200595C0B /* OpenWeatherChallengeUITests */,
			);
		};
/* End PBXProject section */

/* Begin PBXResourcesBuildPhase section */
		1E03161D2CD07CF100595C0B /* Resources */ = {
			isa = PBXResourcesBuildPhase;
			buildActionMask = 2147483647;
			files = (
			);
			runOnlyForDeploymentPostprocessing = 0;
		};
		1E0316332CD07CF200595C0B /* Resources */ = {
			isa = PBXResourcesBuildPhase;
			buildActionMask = 2147483647;
			files = (
			);
			runOnlyForDeploymentPostprocessing = 0;
		};
		1E03163D2CD07CF200595C0B /* Resources */ = {
			isa = PBXResourcesBuildPhase;
			buildActionMask = 2147483647;
			files = (
			);
			runOnlyForDeploymentPostprocessing = 0;
		};
/* End PBXResourcesBuildPhase section */

/* Begin PBXSourcesBuildPhase section */
		1E03161B2CD07CF100595C0B /* Sources */ = {
			isa = PBXSourcesBuildPhase;
			buildActionMask = 2147483647;
			files = (
			);
			runOnlyForDeploymentPostprocessing = 0;
		};
		1E0316312CD07CF200595C0B /* Sources */ = {
			isa = PBXSourcesBuildPhase;
			buildActionMask = 2147483647;
			files = (
			);
			runOnlyForDeploymentPostprocessing = 0;
		};
		1E03163B2CD07CF200595C0B /* Sources */ = {
			isa = PBXSourcesBuildPhase;
			buildActionMask = 2147483647;
			files = (
			);
			runOnlyForDeploymentPostprocessing = 0;
		};
/* End PBXSourcesBuildPhase section */

/* Begin PBXTargetDependency section */
		1E0316372CD07CF200595C0B /* PBXTargetDependency */ = {
			isa = PBXTargetDependency;
			target = 1E03161E2CD07CF100595C0B /* OpenWeatherChallenge */;
			targetProxy = 1E0316362CD07CF200595C0B /* PBXContainerItemProxy */;
		};
		1E0316412CD07CF200595C0B /* PBXTargetDependency */ = {
			isa = PBXTargetDependency;
			target = 1E03161E2CD07CF100595C0B /* OpenWeatherChallenge */;
			targetProxy = 1E0316402CD07CF200595C0B /* PBXContainerItemProxy */;
		};
/* End PBXTargetDependency section */

/* Begin XCBuildConfiguration section */
		1E0316492CD07CF200595C0B /* Debug */ = {
			isa = XCBuildConfiguration;
			buildSettings = {
				ASSETCATALOG_COMPILER_APPICON_NAME = AppIcon;
				ASSETCATALOG_COMPILER_GLOBAL_ACCENT_COLOR_NAME = AccentColor;
				CODE_SIGN_STYLE = Automatic;
				CURRENT_PROJECT_VERSION = 1;
				DEVELOPMENT_TEAM = 2W5FCWZT7J;
				GENERATE_INFOPLIST_FILE = YES;
				INFOPLIST_FILE = OpenWeatherChallenge/Info.plist;
				INFOPLIST_KEY_NSLocationAlwaysAndWhenInUseUsageDescription = "We'll use your current location to show curent weather.";
				INFOPLIST_KEY_NSLocationAlwaysUsageDescription = "We'll use your current location to show curent weather.";
				INFOPLIST_KEY_NSLocationWhenInUseUsageDescription = "We'll use your current location to show curent weather.";
				INFOPLIST_KEY_UIApplicationSupportsIndirectInputEvents = YES;
				INFOPLIST_KEY_UILaunchStoryboardName = LaunchScreen;
				INFOPLIST_KEY_UISupportedInterfaceOrientations_iPad = "UIInterfaceOrientationPortrait UIInterfaceOrientationPortraitUpsideDown UIInterfaceOrientationLandscapeLeft UIInterfaceOrientationLandscapeRight";
				INFOPLIST_KEY_UISupportedInterfaceOrientations_iPhone = "UIInterfaceOrientationPortrait UIInterfaceOrientationLandscapeLeft UIInterfaceOrientationLandscapeRight";
				LD_RUNPATH_SEARCH_PATHS = (
					"$(inherited)",
					"@executable_path/Frameworks",
				);
				MARKETING_VERSION = 1.0;
				PRODUCT_BUNDLE_IDENTIFIER = jonathanholland.OpenWeatherChallenge;
				PRODUCT_NAME = "$(TARGET_NAME)";
				SWIFT_EMIT_LOC_STRINGS = YES;
				SWIFT_VERSION = 5.0;
				TARGETED_DEVICE_FAMILY = "1,2";
			};
			name = Debug;
		};
		1E03164A2CD07CF200595C0B /* Release */ = {
			isa = XCBuildConfiguration;
			buildSettings = {
				ASSETCATALOG_COMPILER_APPICON_NAME = AppIcon;
				ASSETCATALOG_COMPILER_GLOBAL_ACCENT_COLOR_NAME = AccentColor;
				CODE_SIGN_STYLE = Automatic;
				CURRENT_PROJECT_VERSION = 1;
				DEVELOPMENT_TEAM = 2W5FCWZT7J;
				GENERATE_INFOPLIST_FILE = YES;
				INFOPLIST_FILE = OpenWeatherChallenge/Info.plist;
				INFOPLIST_KEY_NSLocationAlwaysAndWhenInUseUsageDescription = "We'll use your current location to show curent weather.";
				INFOPLIST_KEY_NSLocationAlwaysUsageDescription = "We'll use your current location to show curent weather.";
				INFOPLIST_KEY_NSLocationWhenInUseUsageDescription = "We'll use your current location to show curent weather.";
				INFOPLIST_KEY_UIApplicationSupportsIndirectInputEvents = YES;
				INFOPLIST_KEY_UILaunchStoryboardName = LaunchScreen;
				INFOPLIST_KEY_UISupportedInterfaceOrientations_iPad = "UIInterfaceOrientationPortrait UIInterfaceOrientationPortraitUpsideDown UIInterfaceOrientationLandscapeLeft UIInterfaceOrientationLandscapeRight";
				INFOPLIST_KEY_UISupportedInterfaceOrientations_iPhone = "UIInterfaceOrientationPortrait UIInterfaceOrientationLandscapeLeft UIInterfaceOrientationLandscapeRight";
				LD_RUNPATH_SEARCH_PATHS = (
					"$(inherited)",
					"@executable_path/Frameworks",
				);
				MARKETING_VERSION = 1.0;
				PRODUCT_BUNDLE_IDENTIFIER = jonathanholland.OpenWeatherChallenge;
				PRODUCT_NAME = "$(TARGET_NAME)";
				SWIFT_EMIT_LOC_STRINGS = YES;
				SWIFT_VERSION = 5.0;
				TARGETED_DEVICE_FAMILY = "1,2";
			};
			name = Release;
		};
		1E03164B2CD07CF200595C0B /* Debug */ = {
			isa = XCBuildConfiguration;
			buildSettings = {
				ALWAYS_SEARCH_USER_PATHS = NO;
				ASSETCATALOG_COMPILER_GENERATE_SWIFT_ASSET_SYMBOL_EXTENSIONS = YES;
				CLANG_ANALYZER_NONNULL = YES;
				CLANG_ANALYZER_NUMBER_OBJECT_CONVERSION = YES_AGGRESSIVE;
				CLANG_CXX_LANGUAGE_STANDARD = "gnu++20";
				CLANG_ENABLE_MODULES = YES;
				CLANG_ENABLE_OBJC_ARC = YES;
				CLANG_ENABLE_OBJC_WEAK = YES;
				CLANG_WARN_BLOCK_CAPTURE_AUTORELEASING = YES;
				CLANG_WARN_BOOL_CONVERSION = YES;
				CLANG_WARN_COMMA = YES;
				CLANG_WARN_CONSTANT_CONVERSION = YES;
				CLANG_WARN_DEPRECATED_OBJC_IMPLEMENTATIONS = YES;
				CLANG_WARN_DIRECT_OBJC_ISA_USAGE = YES_ERROR;
				CLANG_WARN_DOCUMENTATION_COMMENTS = YES;
				CLANG_WARN_EMPTY_BODY = YES;
				CLANG_WARN_ENUM_CONVERSION = YES;
				CLANG_WARN_INFINITE_RECURSION = YES;
				CLANG_WARN_INT_CONVERSION = YES;
				CLANG_WARN_NON_LITERAL_NULL_CONVERSION = YES;
				CLANG_WARN_OBJC_IMPLICIT_RETAIN_SELF = YES;
				CLANG_WARN_OBJC_LITERAL_CONVERSION = YES;
				CLANG_WARN_OBJC_ROOT_CLASS = YES_ERROR;
				CLANG_WARN_QUOTED_INCLUDE_IN_FRAMEWORK_HEADER = YES;
				CLANG_WARN_RANGE_LOOP_ANALYSIS = YES;
				CLANG_WARN_STRICT_PROTOTYPES = YES;
				CLANG_WARN_SUSPICIOUS_MOVE = YES;
				CLANG_WARN_UNGUARDED_AVAILABILITY = YES_AGGRESSIVE;
				CLANG_WARN_UNREACHABLE_CODE = YES;
				CLANG_WARN__DUPLICATE_METHOD_MATCH = YES;
				COPY_PHASE_STRIP = NO;
				DEBUG_INFORMATION_FORMAT = dwarf;
				ENABLE_STRICT_OBJC_MSGSEND = YES;
				ENABLE_TESTABILITY = YES;
				ENABLE_USER_SCRIPT_SANDBOXING = YES;
				GCC_C_LANGUAGE_STANDARD = gnu17;
				GCC_DYNAMIC_NO_PIC = NO;
				GCC_NO_COMMON_BLOCKS = YES;
				GCC_OPTIMIZATION_LEVEL = 0;
				GCC_PREPROCESSOR_DEFINITIONS = (
					"DEBUG=1",
					"$(inherited)",
				);
				GCC_WARN_64_TO_32_BIT_CONVERSION = YES;
				GCC_WARN_ABOUT_RETURN_TYPE = YES_ERROR;
				GCC_WARN_UNDECLARED_SELECTOR = YES;
				GCC_WARN_UNINITIALIZED_AUTOS = YES_AGGRESSIVE;
				GCC_WARN_UNUSED_FUNCTION = YES;
				GCC_WARN_UNUSED_VARIABLE = YES;
				IPHONEOS_DEPLOYMENT_TARGET = 18.0;
				LOCALIZATION_PREFERS_STRING_CATALOGS = YES;
				MTL_ENABLE_DEBUG_INFO = INCLUDE_SOURCE;
				MTL_FAST_MATH = YES;
				ONLY_ACTIVE_ARCH = YES;
				SDKROOT = iphoneos;
				SWIFT_ACTIVE_COMPILATION_CONDITIONS = "DEBUG $(inherited)";
				SWIFT_OPTIMIZATION_LEVEL = "-Onone";
			};
			name = Debug;
		};
		1E03164C2CD07CF200595C0B /* Release */ = {
			isa = XCBuildConfiguration;
			buildSettings = {
				ALWAYS_SEARCH_USER_PATHS = NO;
				ASSETCATALOG_COMPILER_GENERATE_SWIFT_ASSET_SYMBOL_EXTENSIONS = YES;
				CLANG_ANALYZER_NONNULL = YES;
				CLANG_ANALYZER_NUMBER_OBJECT_CONVERSION = YES_AGGRESSIVE;
				CLANG_CXX_LANGUAGE_STANDARD = "gnu++20";
				CLANG_ENABLE_MODULES = YES;
				CLANG_ENABLE_OBJC_ARC = YES;
				CLANG_ENABLE_OBJC_WEAK = YES;
				CLANG_WARN_BLOCK_CAPTURE_AUTORELEASING = YES;
				CLANG_WARN_BOOL_CONVERSION = YES;
				CLANG_WARN_COMMA = YES;
				CLANG_WARN_CONSTANT_CONVERSION = YES;
				CLANG_WARN_DEPRECATED_OBJC_IMPLEMENTATIONS = YES;
				CLANG_WARN_DIRECT_OBJC_ISA_USAGE = YES_ERROR;
				CLANG_WARN_DOCUMENTATION_COMMENTS = YES;
				CLANG_WARN_EMPTY_BODY = YES;
				CLANG_WARN_ENUM_CONVERSION = YES;
				CLANG_WARN_INFINITE_RECURSION = YES;
				CLANG_WARN_INT_CONVERSION = YES;
				CLANG_WARN_NON_LITERAL_NULL_CONVERSION = YES;
				CLANG_WARN_OBJC_IMPLICIT_RETAIN_SELF = YES;
				CLANG_WARN_OBJC_LITERAL_CONVERSION = YES;
				CLANG_WARN_OBJC_ROOT_CLASS = YES_ERROR;
				CLANG_WARN_QUOTED_INCLUDE_IN_FRAMEWORK_HEADER = YES;
				CLANG_WARN_RANGE_LOOP_ANALYSIS = YES;
				CLANG_WARN_STRICT_PROTOTYPES = YES;
				CLANG_WARN_SUSPICIOUS_MOVE = YES;
				CLANG_WARN_UNGUARDED_AVAILABILITY = YES_AGGRESSIVE;
				CLANG_WARN_UNREACHABLE_CODE = YES;
				CLANG_WARN__DUPLICATE_METHOD_MATCH = YES;
				COPY_PHASE_STRIP = NO;
				DEBUG_INFORMATION_FORMAT = "dwarf-with-dsym";
				ENABLE_NS_ASSERTIONS = NO;
				ENABLE_STRICT_OBJC_MSGSEND = YES;
				ENABLE_USER_SCRIPT_SANDBOXING = YES;
				GCC_C_LANGUAGE_STANDARD = gnu17;
				GCC_NO_COMMON_BLOCKS = YES;
				GCC_WARN_64_TO_32_BIT_CONVERSION = YES;
				GCC_WARN_ABOUT_RETURN_TYPE = YES_ERROR;
				GCC_WARN_UNDECLARED_SELECTOR = YES;
				GCC_WARN_UNINITIALIZED_AUTOS = YES_AGGRESSIVE;
				GCC_WARN_UNUSED_FUNCTION = YES;
				GCC_WARN_UNUSED_VARIABLE = YES;
				IPHONEOS_DEPLOYMENT_TARGET = 18.0;
				LOCALIZATION_PREFERS_STRING_CATALOGS = YES;
				MTL_ENABLE_DEBUG_INFO = NO;
				MTL_FAST_MATH = YES;
				SDKROOT = iphoneos;
				SWIFT_COMPILATION_MODE = wholemodule;
				VALIDATE_PRODUCT = YES;
			};
			name = Release;
		};
		1E03164E2CD07CF200595C0B /* Debug */ = {
			isa = XCBuildConfiguration;
			buildSettings = {
				BUNDLE_LOADER = "$(TEST_HOST)";
				CODE_SIGN_STYLE = Automatic;
				CURRENT_PROJECT_VERSION = 1;
				DEVELOPMENT_TEAM = 2W5FCWZT7J;
				GENERATE_INFOPLIST_FILE = YES;
				IPHONEOS_DEPLOYMENT_TARGET = 18.0;
				MARKETING_VERSION = 1.0;
				PRODUCT_BUNDLE_IDENTIFIER = jonathanholland.OpenWeatherChallengeTests;
				PRODUCT_NAME = "$(TARGET_NAME)";
				SWIFT_EMIT_LOC_STRINGS = NO;
				SWIFT_VERSION = 5.0;
				TARGETED_DEVICE_FAMILY = "1,2";
				TEST_HOST = "$(BUILT_PRODUCTS_DIR)/OpenWeatherChallenge.app/$(BUNDLE_EXECUTABLE_FOLDER_PATH)/OpenWeatherChallenge";
			};
			name = Debug;
		};
		1E03164F2CD07CF200595C0B /* Release */ = {
			isa = XCBuildConfiguration;
			buildSettings = {
				BUNDLE_LOADER = "$(TEST_HOST)";
				CODE_SIGN_STYLE = Automatic;
				CURRENT_PROJECT_VERSION = 1;
				DEVELOPMENT_TEAM = 2W5FCWZT7J;
				GENERATE_INFOPLIST_FILE = YES;
				IPHONEOS_DEPLOYMENT_TARGET = 18.0;
				MARKETING_VERSION = 1.0;
				PRODUCT_BUNDLE_IDENTIFIER = jonathanholland.OpenWeatherChallengeTests;
				PRODUCT_NAME = "$(TARGET_NAME)";
				SWIFT_EMIT_LOC_STRINGS = NO;
				SWIFT_VERSION = 5.0;
				TARGETED_DEVICE_FAMILY = "1,2";
				TEST_HOST = "$(BUILT_PRODUCTS_DIR)/OpenWeatherChallenge.app/$(BUNDLE_EXECUTABLE_FOLDER_PATH)/OpenWeatherChallenge";
			};
			name = Release;
		};
		1E0316512CD07CF200595C0B /* Debug */ = {
			isa = XCBuildConfiguration;
			buildSettings = {
				CODE_SIGN_STYLE = Automatic;
				CURRENT_PROJECT_VERSION = 1;
				DEVELOPMENT_TEAM = 2W5FCWZT7J;
				GENERATE_INFOPLIST_FILE = YES;
				MARKETING_VERSION = 1.0;
				PRODUCT_BUNDLE_IDENTIFIER = jonathanholland.OpenWeatherChallengeUITests;
				PRODUCT_NAME = "$(TARGET_NAME)";
				SWIFT_EMIT_LOC_STRINGS = NO;
				SWIFT_VERSION = 5.0;
				TARGETED_DEVICE_FAMILY = "1,2";
				TEST_TARGET_NAME = OpenWeatherChallenge;
			};
			name = Debug;
		};
		1E0316522CD07CF200595C0B /* Release */ = {
			isa = XCBuildConfiguration;
			buildSettings = {
				CODE_SIGN_STYLE = Automatic;
				CURRENT_PROJECT_VERSION = 1;
				DEVELOPMENT_TEAM = 2W5FCWZT7J;
				GENERATE_INFOPLIST_FILE = YES;
				MARKETING_VERSION = 1.0;
				PRODUCT_BUNDLE_IDENTIFIER = jonathanholland.OpenWeatherChallengeUITests;
				PRODUCT_NAME = "$(TARGET_NAME)";
				SWIFT_EMIT_LOC_STRINGS = NO;
				SWIFT_VERSION = 5.0;
				TARGETED_DEVICE_FAMILY = "1,2";
				TEST_TARGET_NAME = OpenWeatherChallenge;
			};
			name = Release;
		};
/* End XCBuildConfiguration section */

/* Begin XCConfigurationList section */
		1E03161A2CD07CF000595C0B /* Build configuration list for PBXProject "OpenWeatherChallenge" */ = {
			isa = XCConfigurationList;
			buildConfigurations = (
				1E03164B2CD07CF200595C0B /* Debug */,
				1E03164C2CD07CF200595C0B /* Release */,
			);
			defaultConfigurationIsVisible = 0;
			defaultConfigurationName = Release;
		};
		1E0316482CD07CF200595C0B /* Build configuration list for PBXNativeTarget "OpenWeatherChallenge" */ = {
			isa = XCConfigurationList;
			buildConfigurations = (
				1E0316492CD07CF200595C0B /* Debug */,
				1E03164A2CD07CF200595C0B /* Release */,
			);
			defaultConfigurationIsVisible = 0;
			defaultConfigurationName = Release;
		};
		1E03164D2CD07CF200595C0B /* Build configuration list for PBXNativeTarget "OpenWeatherChallengeTests" */ = {
			isa = XCConfigurationList;
			buildConfigurations = (
				1E03164E2CD07CF200595C0B /* Debug */,
				1E03164F2CD07CF200595C0B /* Release */,
			);
			defaultConfigurationIsVisible = 0;
			defaultConfigurationName = Release;
		};
		1E0316502CD07CF200595C0B /* Build configuration list for PBXNativeTarget "OpenWeatherChallengeUITests" */ = {
			isa = XCConfigurationList;
			buildConfigurations = (
				1E0316512CD07CF200595C0B /* Debug */,
				1E0316522CD07CF200595C0B /* Release */,
			);
			defaultConfigurationIsVisible = 0;
			defaultConfigurationName = Release;
		};
/* End XCConfigurationList section */
	};
	rootObject = 1E0316172CD07CF000595C0B /* Project object */;
}
